
Microsoft Visual Studio Solution File, Format Version 12.00
# Visual Studio Version 17
VisualStudioVersion = 17.8.34309.116
MinimumVisualStudioVersion = 10.0.40219.1
Project("{FAE04EC0-301F-11D3-BF4B-00C04F79EFBC}") = "WFALocalGlobal_1", "WFALocalGlobal_1\WFALocalGlobal_1.csproj", "{65E6D76B-E731-4DC2-97B4-1EE33365697D}"
EndProject
Global
	GlobalSection(SolutionConfigurationPlatforms) = preSolution
		Debug|Any CPU = Debug|Any CPU
		Release|Any CPU = Release|Any CPU
	EndGlobalSection
	GlobalSection(ProjectConfigurationPlatforms) = postSolution
		{65E6D76B-E731-4DC2-97B4-1EE33365697D}.Debug|Any CPU.ActiveCfg = Debug|Any CPU
		{65E6D76B-E731-4DC2-97B4-1EE33365697D}.Debug|Any CPU.Build.0 = Debug|Any CPU
		{65E6D76B-E731-4DC2-97B4-1EE33365697D}.Release|Any CPU.ActiveCfg = Release|Any CPU
		{65E6D76B-E731-4DC2-97B4-1EE33365697D}.Release|Any CPU.Build.0 = Release|Any CPU
	EndGlobalSection
	GlobalSection(SolutionProperties) = preSolution
		HideSolutionNode = FALSE
	EndGlobalSection
	GlobalSection(ExtensibilityGlobals) = postSolution
		SolutionGuid = {FB3D0DBC-E75B-4953-A729-95AF00487BF8}
	EndGlobalSection
EndGlobal
